// !$*UTF8*$!
{
	archiveVersion = 1;
	classes = {
	};
	objectVersion = 56;
	objects = {

/* Begin PBXBuildFile section */
		F4D1BB5929B5B61100AFCAB1 /* PortifolioApp.swift in Sources */ = {isa = PBXBuildFile; fileRef = F4D1BB5829B5B61100AFCAB1 /* PortifolioApp.swift */; };
		F4D1BB5B29B5B61100AFCAB1 /* ContentView.swift in Sources */ = {isa = PBXBuildFile; fileRef = F4D1BB5A29B5B61100AFCAB1 /* ContentView.swift */; };
		F4D1BB5D29B5B61600AFCAB1 /* Assets.xcassets in Resources */ = {isa = PBXBuildFile; fileRef = F4D1BB5C29B5B61600AFCAB1 /* Assets.xcassets */; };
		F4D1BB6029B5B61600AFCAB1 /* Preview Assets.xcassets in Resources */ = {isa = PBXBuildFile; fileRef = F4D1BB5F29B5B61600AFCAB1 /* Preview Assets.xcassets */; };
		F4D1BB6A29B5B61600AFCAB1 /* PortifolioTests.swift in Sources */ = {isa = PBXBuildFile; fileRef = F4D1BB6929B5B61600AFCAB1 /* PortifolioTests.swift */; };
		F4D1BB7429B5B61600AFCAB1 /* PortifolioUITests.swift in Sources */ = {isa = PBXBuildFile; fileRef = F4D1BB7329B5B61600AFCAB1 /* PortifolioUITests.swift */; };
		F4D1BB7629B5B61700AFCAB1 /* PortifolioUITestsLaunchTests.swift in Sources */ = {isa = PBXBuildFile; fileRef = F4D1BB7529B5B61700AFCAB1 /* PortifolioUITestsLaunchTests.swift */; };
/* End PBXBuildFile section */

/* Begin PBXContainerItemProxy section */
		F4D1BB6629B5B61600AFCAB1 /* PBXContainerItemProxy */ = {
			isa = PBXContainerItemProxy;
			containerPortal = F4D1BB4D29B5B61100AFCAB1 /* Project object */;
			proxyType = 1;
			remoteGlobalIDString = F4D1BB5429B5B61100AFCAB1;
			remoteInfo = Portifolio;
		};
		F4D1BB7029B5B61600AFCAB1 /* PBXContainerItemProxy */ = {
			isa = PBXContainerItemProxy;
			containerPortal = F4D1BB4D29B5B61100AFCAB1 /* Project object */;
			proxyType = 1;
			remoteGlobalIDString = F4D1BB5429B5B61100AFCAB1;
			remoteInfo = Portifolio;
		};
/* End PBXContainerItemProxy section */

/* Begin PBXFileReference section */
		F4D1BB5529B5B61100AFCAB1 /* Portifolio.app */ = {isa = PBXFileReference; explicitFileType = wrapper.application; includeInIndex = 0; path = Portifolio.app; sourceTree = BUILT_PRODUCTS_DIR; };
		F4D1BB5829B5B61100AFCAB1 /* PortifolioApp.swift */ = {isa = PBXFileReference; lastKnownFileType = sourcecode.swift; path = PortifolioApp.swift; sourceTree = "<group>"; };
		F4D1BB5A29B5B61100AFCAB1 /* ContentView.swift */ = {isa = PBXFileReference; lastKnownFileType = sourcecode.swift; path = ContentView.swift; sourceTree = "<group>"; };
		F4D1BB5C29B5B61600AFCAB1 /* Assets.xcassets */ = {isa = PBXFileReference; lastKnownFileType = folder.assetcatalog; path = Assets.xcassets; sourceTree = "<group>"; };
		F4D1BB5F29B5B61600AFCAB1 /* Preview Assets.xcassets */ = {isa = PBXFileReference; lastKnownFileType = folder.assetcatalog; path = "Preview Assets.xcassets"; sourceTree = "<group>"; };
		F4D1BB6529B5B61600AFCAB1 /* PortifolioTests.xctest */ = {isa = PBXFileReference; explicitFileType = wrapper.cfbundle; includeInIndex = 0; path = PortifolioTests.xctest; sourceTree = BUILT_PRODUCTS_DIR; };
		F4D1BB6929B5B61600AFCAB1 /* PortifolioTests.swift */ = {isa = PBXFileReference; lastKnownFileType = sourcecode.swift; path = PortifolioTests.swift; sourceTree = "<group>"; };
		F4D1BB6F29B5B61600AFCAB1 /* PortifolioUITests.xctest */ = {isa = PBXFileReference; explicitFileType = wrapper.cfbundle; includeInIndex = 0; path = PortifolioUITests.xctest; sourceTree = BUILT_PRODUCTS_DIR; };
		F4D1BB7329B5B61600AFCAB1 /* PortifolioUITests.swift */ = {isa = PBXFileReference; lastKnownFileType = sourcecode.swift; path = PortifolioUITests.swift; sourceTree = "<group>"; };
		F4D1BB7529B5B61700AFCAB1 /* PortifolioUITestsLaunchTests.swift */ = {isa = PBXFileReference; lastKnownFileType = sourcecode.swift; path = PortifolioUITestsLaunchTests.swift; sourceTree = "<group>"; };
/* End PBXFileReference section */

/* Begin PBXFrameworksBuildPhase section */
		F4D1BB5229B5B61100AFCAB1 /* Frameworks */ = {
			isa = PBXFrameworksBuildPhase;
			buildActionMask = 2147483647;
			files = (
			);
			runOnlyForDeploymentPostprocessing = 0;
		};
		F4D1BB6229B5B61600AFCAB1 /* Frameworks */ = {
			isa = PBXFrameworksBuildPhase;
			buildActionMask = 2147483647;
			files = (
			);
			runOnlyForDeploymentPostprocessing = 0;
		};
		F4D1BB6C29B5B61600AFCAB1 /* Frameworks */ = {
			isa = PBXFrameworksBuildPhase;
			buildActionMask = 2147483647;
			files = (
			);
			runOnlyForDeploymentPostprocessing = 0;
		};
/* End PBXFrameworksBuildPhase section */

/* Begin PBXGroup section */
		F4D1BB4C29B5B61100AFCAB1 = {
			isa = PBXGroup;
			children = (
				F4D1BB5729B5B61100AFCAB1 /* Portifolio */,
				F4D1BB6829B5B61600AFCAB1 /* PortifolioTests */,
				F4D1BB7229B5B61600AFCAB1 /* PortifolioUITests */,
				F4D1BB5629B5B61100AFCAB1 /* Products */,
			);
			sourceTree = "<group>";
		};
		F4D1BB5629B5B61100AFCAB1 /* Products */ = {
			isa = PBXGroup;
			children = (
				F4D1BB5529B5B61100AFCAB1 /* Portifolio.app */,
				F4D1BB6529B5B61600AFCAB1 /* PortifolioTests.xctest */,
				F4D1BB6F29B5B61600AFCAB1 /* PortifolioUITests.xctest */,
			);
			name = Products;
			sourceTree = "<group>";
		};
		F4D1BB5729B5B61100AFCAB1 /* Portifolio */ = {
			isa = PBXGroup;
			children = (
				F4D1BB5829B5B61100AFCAB1 /* PortifolioApp.swift */,
				F4D1BB5A29B5B61100AFCAB1 /* ContentView.swift */,
				F4D1BB5C29B5B61600AFCAB1 /* Assets.xcassets */,
				F4D1BB5E29B5B61600AFCAB1 /* Preview Content */,
			);
			path = Portifolio;
			sourceTree = "<group>";
		};
		F4D1BB5E29B5B61600AFCAB1 /* Preview Content */ = {
			isa = PBXGroup;
			children = (
				F4D1BB5F29B5B61600AFCAB1 /* Preview Assets.xcassets */,
			);
			path = "Preview Content";
			sourceTree = "<group>";
		};
		F4D1BB6829B5B61600AFCAB1 /* PortifolioTests */ = {
			isa = PBXGroup;
			children = (
				F4D1BB6929B5B61600AFCAB1 /* PortifolioTests.swift */,
			);
			path = PortifolioTests;
			sourceTree = "<group>";
		};
		F4D1BB7229B5B61600AFCAB1 /* PortifolioUITests */ = {
			isa = PBXGroup;
			children = (
				F4D1BB7329B5B61600AFCAB1 /* PortifolioUITests.swift */,
				F4D1BB7529B5B61700AFCAB1 /* PortifolioUITestsLaunchTests.swift */,
			);
			path = PortifolioUITests;
			sourceTree = "<group>";
		};
/* End PBXGroup section */

/* Begin PBXNativeTarget section */
		F4D1BB5429B5B61100AFCAB1 /* Portifolio */ = {
			isa = PBXNativeTarget;
			buildConfigurationList = F4D1BB7929B5B61700AFCAB1 /* Build configuration list for PBXNativeTarget "Portifolio" */;
			buildPhases = (
				F4D1BB5129B5B61100AFCAB1 /* Sources */,
				F4D1BB5229B5B61100AFCAB1 /* Frameworks */,
				F4D1BB5329B5B61100AFCAB1 /* Resources */,
			);
			buildRules = (
			);
			dependencies = (
			);
			name = Portifolio;
			productName = Portifolio;
			productReference = F4D1BB5529B5B61100AFCAB1 /* Portifolio.app */;
			productType = "com.apple.product-type.application";
		};
		F4D1BB6429B5B61600AFCAB1 /* PortifolioTests */ = {
			isa = PBXNativeTarget;
			buildConfigurationList = F4D1BB7C29B5B61700AFCAB1 /* Build configuration list for PBXNativeTarget "PortifolioTests" */;
			buildPhases = (
				F4D1BB6129B5B61600AFCAB1 /* Sources */,
				F4D1BB6229B5B61600AFCAB1 /* Frameworks */,
				F4D1BB6329B5B61600AFCAB1 /* Resources */,
			);
			buildRules = (
			);
			dependencies = (
				F4D1BB6729B5B61600AFCAB1 /* PBXTargetDependency */,
			);
			name = PortifolioTests;
			productName = PortifolioTests;
			productReference = F4D1BB6529B5B61600AFCAB1 /* PortifolioTests.xctest */;
			productType = "com.apple.product-type.bundle.unit-test";
		};
		F4D1BB6E29B5B61600AFCAB1 /* PortifolioUITests */ = {
			isa = PBXNativeTarget;
			buildConfigurationList = F4D1BB7F29B5B61700AFCAB1 /* Build configuration list for PBXNativeTarget "PortifolioUITests" */;
			buildPhases = (
				F4D1BB6B29B5B61600AFCAB1 /* Sources */,
				F4D1BB6C29B5B61600AFCAB1 /* Frameworks */,
				F4D1BB6D29B5B61600AFCAB1 /* Resources */,
			);
			buildRules = (
			);
			dependencies = (
				F4D1BB7129B5B61600AFCAB1 /* PBXTargetDependency */,
			);
			name = PortifolioUITests;
			productName = PortifolioUITests;
			productReference = F4D1BB6F29B5B61600AFCAB1 /* PortifolioUITests.xctest */;
			productType = "com.apple.product-type.bundle.ui-testing";
		};
/* End PBXNativeTarget section */

/* Begin PBXProject section */
		F4D1BB4D29B5B61100AFCAB1 /* Project object */ = {
			isa = PBXProject;
			attributes = {
				BuildIndependentTargetsInParallel = 1;
				LastSwiftUpdateCheck = 1420;
				LastUpgradeCheck = 1420;
				TargetAttributes = {
					F4D1BB5429B5B61100AFCAB1 = {
						CreatedOnToolsVersion = 14.2;
					};
					F4D1BB6429B5B61600AFCAB1 = {
						CreatedOnToolsVersion = 14.2;
						TestTargetID = F4D1BB5429B5B61100AFCAB1;
					};
					F4D1BB6E29B5B61600AFCAB1 = {
						CreatedOnToolsVersion = 14.2;
						TestTargetID = F4D1BB5429B5B61100AFCAB1;
					};
				};
			};
			buildConfigurationList = F4D1BB5029B5B61100AFCAB1 /* Build configuration list for PBXProject "Portifolio" */;
			compatibilityVersion = "Xcode 14.0";
			developmentRegion = en;
			hasScannedForEncodings = 0;
			knownRegions = (
				en,
				Base,
			);
			mainGroup = F4D1BB4C29B5B61100AFCAB1;
			productRefGroup = F4D1BB5629B5B61100AFCAB1 /* Products */;
			projectDirPath = "";
			projectRoot = "";
			targets = (
				F4D1BB5429B5B61100AFCAB1 /* Portifolio */,
				F4D1BB6429B5B61600AFCAB1 /* PortifolioTests */,
				F4D1BB6E29B5B61600AFCAB1 /* PortifolioUITests */,
			);
		};
/* End PBXProject section */

/* Begin PBXResourcesBuildPhase section */
		F4D1BB5329B5B61100AFCAB1 /* Resources */ = {
			isa = PBXResourcesBuildPhase;
			buildActionMask = 2147483647;
			files = (
				F4D1BB6029B5B61600AFCAB1 /* Preview Assets.xcassets in Resources */,
				F4D1BB5D29B5B61600AFCAB1 /* Assets.xcassets in Resources */,
			);
			runOnlyForDeploymentPostprocessing = 0;
		};
		F4D1BB6329B5B61600AFCAB1 /* Resources */ = {
			isa = PBXResourcesBuildPhase;
			buildActionMask = 2147483647;
			files = (
			);
			runOnlyForDeploymentPostprocessing = 0;
		};
		F4D1BB6D29B5B61600AFCAB1 /* Resources */ = {
			isa = PBXResourcesBuildPhase;
			buildActionMask = 2147483647;
			files = (
			);
			runOnlyForDeploymentPostprocessing = 0;
		};
/* End PBXResourcesBuildPhase section */

/* Begin PBXSourcesBuildPhase section */
		F4D1BB5129B5B61100AFCAB1 /* Sources */ = {
			isa = PBXSourcesBuildPhase;
			buildActionMask = 2147483647;
			files = (
				F4D1BB5B29B5B61100AFCAB1 /* ContentView.swift in Sources */,
				F4D1BB5929B5B61100AFCAB1 /* PortifolioApp.swift in Sources */,
			);
			runOnlyForDeploymentPostprocessing = 0;
		};
		F4D1BB6129B5B61600AFCAB1 /* Sources */ = {
			isa = PBXSourcesBuildPhase;
			buildActionMask = 2147483647;
			files = (
				F4D1BB6A29B5B61600AFCAB1 /* PortifolioTests.swift in Sources */,
			);
			runOnlyForDeploymentPostprocessing = 0;
		};
		F4D1BB6B29B5B61600AFCAB1 /* Sources */ = {
			isa = PBXSourcesBuildPhase;
			buildActionMask = 2147483647;
			files = (
				F4D1BB7429B5B61600AFCAB1 /* PortifolioUITests.swift in Sources */,
				F4D1BB7629B5B61700AFCAB1 /* PortifolioUITestsLaunchTests.swift in Sources */,
			);
			runOnlyForDeploymentPostprocessing = 0;
		};
/* End PBXSourcesBuildPhase section */

/* Begin PBXTargetDependency section */
		F4D1BB6729B5B61600AFCAB1 /* PBXTargetDependency */ = {
			isa = PBXTargetDependency;
			target = F4D1BB5429B5B61100AFCAB1 /* Portifolio */;
			targetProxy = F4D1BB6629B5B61600AFCAB1 /* PBXContainerItemProxy */;
		};
		F4D1BB7129B5B61600AFCAB1 /* PBXTargetDependency */ = {
			isa = PBXTargetDependency;
			target = F4D1BB5429B5B61100AFCAB1 /* Portifolio */;
			targetProxy = F4D1BB7029B5B61600AFCAB1 /* PBXContainerItemProxy */;
		};
/* End PBXTargetDependency section */

/* Begin XCBuildConfiguration section */
		F4D1BB7729B5B61700AFCAB1 /* Debug */ = {
			isa = XCBuildConfiguration;
			buildSettings = {
				ALWAYS_SEARCH_USER_PATHS = NO;
				CLANG_ANALYZER_NONNULL = YES;
				CLANG_ANALYZER_NUMBER_OBJECT_CONVERSION = YES_AGGRESSIVE;
				CLANG_CXX_LANGUAGE_STANDARD = "gnu++20";
				CLANG_ENABLE_MODULES = YES;
				CLANG_ENABLE_OBJC_ARC = YES;
				CLANG_ENABLE_OBJC_WEAK = YES;
				CLANG_WARN_BLOCK_CAPTURE_AUTORELEASING = YES;
				CLANG_WARN_BOOL_CONVERSION = YES;
				CLANG_WARN_COMMA = YES;
				CLANG_WARN_CONSTANT_CONVERSION = YES;
				CLANG_WARN_DEPRECATED_OBJC_IMPLEMENTATIONS = YES;
				CLANG_WARN_DIRECT_OBJC_ISA_USAGE = YES_ERROR;
				CLANG_WARN_DOCUMENTATION_COMMENTS = YES;
				CLANG_WARN_EMPTY_BODY = YES;
				CLANG_WARN_ENUM_CONVERSION = YES;
				CLANG_WARN_INFINITE_RECURSION = YES;
				CLANG_WARN_INT_CONVERSION = YES;
				CLANG_WARN_NON_LITERAL_NULL_CONVERSION = YES;
				CLANG_WARN_OBJC_IMPLICIT_RETAIN_SELF = YES;
				CLANG_WARN_OBJC_LITERAL_CONVERSION = YES;
				CLANG_WARN_OBJC_ROOT_CLASS = YES_ERROR;
				CLANG_WARN_QUOTED_INCLUDE_IN_FRAMEWORK_HEADER = YES;
				CLANG_WARN_RANGE_LOOP_ANALYSIS = YES;
				CLANG_WARN_STRICT_PROTOTYPES = YES;
				CLANG_WARN_SUSPICIOUS_MOVE = YES;
				CLANG_WARN_UNGUARDED_AVAILABILITY = YES_AGGRESSIVE;
				CLANG_WARN_UNREACHABLE_CODE = YES;
				CLANG_WARN__DUPLICATE_METHOD_MATCH = YES;
				COPY_PHASE_STRIP = NO;
				DEBUG_INFORMATION_FORMAT = dwarf;
				ENABLE_STRICT_OBJC_MSGSEND = YES;
				ENABLE_TESTABILITY = YES;
				GCC_C_LANGUAGE_STANDARD = gnu11;
				GCC_DYNAMIC_NO_PIC = NO;
				GCC_NO_COMMON_BLOCKS = YES;
				GCC_OPTIMIZATION_LEVEL = 0;
				GCC_PREPROCESSOR_DEFINITIONS = (
					"DEBUG=1",
					"$(inherited)",
				);
				GCC_WARN_64_TO_32_BIT_CONVERSION = YES;
				GCC_WARN_ABOUT_RETURN_TYPE = YES_ERROR;
				GCC_WARN_UNDECLARED_SELECTOR = YES;
				GCC_WARN_UNINITIALIZED_AUTOS = YES_AGGRESSIVE;
				GCC_WARN_UNUSED_FUNCTION = YES;
				GCC_WARN_UNUSED_VARIABLE = YES;
				IPHONEOS_DEPLOYMENT_TARGET = 16.2;
				MTL_ENABLE_DEBUG_INFO = INCLUDE_SOURCE;
				MTL_FAST_MATH = YES;
				ONLY_ACTIVE_ARCH = YES;
				SDKROOT = iphoneos;
				SWIFT_ACTIVE_COMPILATION_CONDITIONS = DEBUG;
				SWIFT_OPTIMIZATION_LEVEL = "-Onone";
			};
			name = Debug;
		};
		F4D1BB7829B5B61700AFCAB1 /* Release */ = {
			isa = XCBuildConfiguration;
			buildSettings = {
				ALWAYS_SEARCH_USER_PATHS = NO;
				CLANG_ANALYZER_NONNULL = YES;
				CLANG_ANALYZER_NUMBER_OBJECT_CONVERSION = YES_AGGRESSIVE;
				CLANG_CXX_LANGUAGE_STANDARD = "gnu++20";
				CLANG_ENABLE_MODULES = YES;
				CLANG_ENABLE_OBJC_ARC = YES;
				CLANG_ENABLE_OBJC_WEAK = YES;
				CLANG_WARN_BLOCK_CAPTURE_AUTORELEASING = YES;
				CLANG_WARN_BOOL_CONVERSION = YES;
				CLANG_WARN_COMMA = YES;
				CLANG_WARN_CONSTANT_CONVERSION = YES;
				CLANG_WARN_DEPRECATED_OBJC_IMPLEMENTATIONS = YES;
				CLANG_WARN_DIRECT_OBJC_ISA_USAGE = YES_ERROR;
				CLANG_WARN_DOCUMENTATION_COMMENTS = YES;
				CLANG_WARN_EMPTY_BODY = YES;
				CLANG_WARN_ENUM_CONVERSION = YES;
				CLANG_WARN_INFINITE_RECURSION = YES;
				CLANG_WARN_INT_CONVERSION = YES;
				CLANG_WARN_NON_LITERAL_NULL_CONVERSION = YES;
				CLANG_WARN_OBJC_IMPLICIT_RETAIN_SELF = YES;
				CLANG_WARN_OBJC_LITERAL_CONVERSION = YES;
				CLANG_WARN_OBJC_ROOT_CLASS = YES_ERROR;
				CLANG_WARN_QUOTED_INCLUDE_IN_FRAMEWORK_HEADER = YES;
				CLANG_WARN_RANGE_LOOP_ANALYSIS = YES;
				CLANG_WARN_STRICT_PROTOTYPES = YES;
				CLANG_WARN_SUSPICIOUS_MOVE = YES;
				CLANG_WARN_UNGUARDED_AVAILABILITY = YES_AGGRESSIVE;
				CLANG_WARN_UNREACHABLE_CODE = YES;
				CLANG_WARN__DUPLICATE_METHOD_MATCH = YES;
				COPY_PHASE_STRIP = NO;
				DEBUG_INFORMATION_FORMAT = "dwarf-with-dsym";
				ENABLE_NS_ASSERTIONS = NO;
				ENABLE_STRICT_OBJC_MSGSEND = YES;
				GCC_C_LANGUAGE_STANDARD = gnu11;
				GCC_NO_COMMON_BLOCKS = YES;
				GCC_WARN_64_TO_32_BIT_CONVERSION = YES;
				GCC_WARN_ABOUT_RETURN_TYPE = YES_ERROR;
				GCC_WARN_UNDECLARED_SELECTOR = YES;
				GCC_WARN_UNINITIALIZED_AUTOS = YES_AGGRESSIVE;
				GCC_WARN_UNUSED_FUNCTION = YES;
				GCC_WARN_UNUSED_VARIABLE = YES;
				IPHONEOS_DEPLOYMENT_TARGET = 16.2;
				MTL_ENABLE_DEBUG_INFO = NO;
				MTL_FAST_MATH = YES;
				SDKROOT = iphoneos;
				SWIFT_COMPILATION_MODE = wholemodule;
				SWIFT_OPTIMIZATION_LEVEL = "-O";
				VALIDATE_PRODUCT = YES;
			};
			name = Release;
		};
		F4D1BB7A29B5B61700AFCAB1 /* Debug */ = {
			isa = XCBuildConfiguration;
			buildSettings = {
				ASSETCATALOG_COMPILER_APPICON_NAME = AppIcon;
				ASSETCATALOG_COMPILER_GLOBAL_ACCENT_COLOR_NAME = AccentColor;
				CODE_SIGN_STYLE = Automatic;
				CURRENT_PROJECT_VERSION = 1;
				DEVELOPMENT_ASSET_PATHS = "\"Portifolio/Preview Content\"";
				DEVELOPMENT_TEAM = N2987QJ72C;
				ENABLE_PREVIEWS = YES;
				GENERATE_INFOPLIST_FILE = YES;
				INFOPLIST_KEY_UIApplicationSceneManifest_Generation = YES;
				INFOPLIST_KEY_UIApplicationSupportsIndirectInputEvents = YES;
				INFOPLIST_KEY_UILaunchScreen_Generation = YES;
				INFOPLIST_KEY_UISupportedInterfaceOrientations_iPad = "UIInterfaceOrientationPortrait UIInterfaceOrientationPortraitUpsideDown UIInterfaceOrientationLandscapeLeft UIInterfaceOrientationLandscapeRight";
				INFOPLIST_KEY_UISupportedInterfaceOrientations_iPhone = "UIInterfaceOrientationPortrait UIInterfaceOrientationLandscapeLeft UIInterfaceOrientationLandscapeRight";
				LD_RUNPATH_SEARCH_PATHS = (
					"$(inherited)",
					"@executable_path/Frameworks",
				);
				MARKETING_VERSION = 1.0;
				PRODUCT_BUNDLE_IDENTIFIER = app.ibirori.rw.Portifolio;
				PRODUCT_NAME = "$(TARGET_NAME)";
				SWIFT_EMIT_LOC_STRINGS = YES;
				SWIFT_VERSION = 5.0;
				TARGETED_DEVICE_FAMILY = "1,2";
			};
			name = Debug;
		};
		F4D1BB7B29B5B61700AFCAB1 /* Release */ = {
			isa = XCBuildConfiguration;
			buildSettings = {
				ASSETCATALOG_COMPILER_APPICON_NAME = AppIcon;
				ASSETCATALOG_COMPILER_GLOBAL_ACCENT_COLOR_NAME = AccentColor;
				CODE_SIGN_STYLE = Automatic;
				CURRENT_PROJECT_VERSION = 1;
				DEVELOPMENT_ASSET_PATHS = "\"Portifolio/Preview Content\"";
				DEVELOPMENT_TEAM = N2987QJ72C;
				ENABLE_PREVIEWS = YES;
				GENERATE_INFOPLIST_FILE = YES;
				INFOPLIST_KEY_UIApplicationSceneManifest_Generation = YES;
				INFOPLIST_KEY_UIApplicationSupportsIndirectInputEvents = YES;
				INFOPLIST_KEY_UILaunchScreen_Generation = YES;
				INFOPLIST_KEY_UISupportedInterfaceOrientations_iPad = "UIInterfaceOrientationPortrait UIInterfaceOrientationPortraitUpsideDown UIInterfaceOrientationLandscapeLeft UIInterfaceOrientationLandscapeRight";
				INFOPLIST_KEY_UISupportedInterfaceOrientations_iPhone = "UIInterfaceOrientationPortrait UIInterfaceOrientationLandscapeLeft UIInterfaceOrientationLandscapeRight";
				LD_RUNPATH_SEARCH_PATHS = (
					"$(inherited)",
					"@executable_path/Frameworks",
				);
				MARKETING_VERSION = 1.0;
				PRODUCT_BUNDLE_IDENTIFIER = app.ibirori.rw.Portifolio;
				PRODUCT_NAME = "$(TARGET_NAME)";
				SWIFT_EMIT_LOC_STRINGS = YES;
				SWIFT_VERSION = 5.0;
				TARGETED_DEVICE_FAMILY = "1,2";
			};
			name = Release;
		};
		F4D1BB7D29B5B61700AFCAB1 /* Debug */ = {
			isa = XCBuildConfiguration;
			buildSettings = {
				ALWAYS_EMBED_SWIFT_STANDARD_LIBRARIES = YES;
				BUNDLE_LOADER = "$(TEST_HOST)";
				CODE_SIGN_STYLE = Automatic;
				CURRENT_PROJECT_VERSION = 1;
				DEVELOPMENT_TEAM = N2987QJ72C;
				GENERATE_INFOPLIST_FILE = YES;
				IPHONEOS_DEPLOYMENT_TARGET = 16.2;
				MARKETING_VERSION = 1.0;
				PRODUCT_BUNDLE_IDENTIFIER = app.ibirori.rw.PortifolioTests;
				PRODUCT_NAME = "$(TARGET_NAME)";
				SWIFT_EMIT_LOC_STRINGS = NO;
				SWIFT_VERSION = 5.0;
				TARGETED_DEVICE_FAMILY = "1,2";
				TEST_HOST = "$(BUILT_PRODUCTS_DIR)/Portifolio.app/$(BUNDLE_EXECUTABLE_FOLDER_PATH)/Portifolio";
			};
			name = Debug;
		};
		F4D1BB7E29B5B61700AFCAB1 /* Release */ = {
			isa = XCBuildConfiguration;
			buildSettings = {
				ALWAYS_EMBED_SWIFT_STANDARD_LIBRARIES = YES;
				BUNDLE_LOADER = "$(TEST_HOST)";
				CODE_SIGN_STYLE = Automatic;
				CURRENT_PROJECT_VERSION = 1;
				DEVELOPMENT_TEAM = N2987QJ72C;
				GENERATE_INFOPLIST_FILE = YES;
				IPHONEOS_DEPLOYMENT_TARGET = 16.2;
				MARKETING_VERSION = 1.0;
				PRODUCT_BUNDLE_IDENTIFIER = app.ibirori.rw.PortifolioTests;
				PRODUCT_NAME = "$(TARGET_NAME)";
				SWIFT_EMIT_LOC_STRINGS = NO;
				SWIFT_VERSION = 5.0;
				TARGETED_DEVICE_FAMILY = "1,2";
				TEST_HOST = "$(BUILT_PRODUCTS_DIR)/Portifolio.app/$(BUNDLE_EXECUTABLE_FOLDER_PATH)/Portifolio";
			};
			name = Release;
		};
		F4D1BB8029B5B61700AFCAB1 /* Debug */ = {
			isa = XCBuildConfiguration;
			buildSettings = {
				ALWAYS_EMBED_SWIFT_STANDARD_LIBRARIES = YES;
				CODE_SIGN_STYLE = Automatic;
				CURRENT_PROJECT_VERSION = 1;
				DEVELOPMENT_TEAM = N2987QJ72C;
				GENERATE_INFOPLIST_FILE = YES;
				MARKETING_VERSION = 1.0;
				PRODUCT_BUNDLE_IDENTIFIER = app.ibirori.rw.PortifolioUITests;
				PRODUCT_NAME = "$(TARGET_NAME)";
				SWIFT_EMIT_LOC_STRINGS = NO;
				SWIFT_VERSION = 5.0;
				TARGETED_DEVICE_FAMILY = "1,2";
				TEST_TARGET_NAME = Portifolio;
			};
			name = Debug;
		};
		F4D1BB8129B5B61700AFCAB1 /* Release */ = {
			isa = XCBuildConfiguration;
			buildSettings = {
				ALWAYS_EMBED_SWIFT_STANDARD_LIBRARIES = YES;
				CODE_SIGN_STYLE = Automatic;
				CURRENT_PROJECT_VERSION = 1;
				DEVELOPMENT_TEAM = N2987QJ72C;
				GENERATE_INFOPLIST_FILE = YES;
				MARKETING_VERSION = 1.0;
				PRODUCT_BUNDLE_IDENTIFIER = app.ibirori.rw.PortifolioUITests;
				PRODUCT_NAME = "$(TARGET_NAME)";
				SWIFT_EMIT_LOC_STRINGS = NO;
				SWIFT_VERSION = 5.0;
				TARGETED_DEVICE_FAMILY = "1,2";
				TEST_TARGET_NAME = Portifolio;
			};
			name = Release;
		};
/* End XCBuildConfiguration section */

/* Begin XCConfigurationList section */
		F4D1BB5029B5B61100AFCAB1 /* Build configuration list for PBXProject "Portifolio" */ = {
			isa = XCConfigurationList;
			buildConfigurations = (
				F4D1BB7729B5B61700AFCAB1 /* Debug */,
				F4D1BB7829B5B61700AFCAB1 /* Release */,
			);
			defaultConfigurationIsVisible = 0;
			defaultConfigurationName = Release;
		};
		F4D1BB7929B5B61700AFCAB1 /* Build configuration list for PBXNativeTarget "Portifolio" */ = {
			isa = XCConfigurationList;
			buildConfigurations = (
				F4D1BB7A29B5B61700AFCAB1 /* Debug */,
				F4D1BB7B29B5B61700AFCAB1 /* Release */,
			);
			defaultConfigurationIsVisible = 0;
			defaultConfigurationName = Release;
		};
		F4D1BB7C29B5B61700AFCAB1 /* Build configuration list for PBXNativeTarget "PortifolioTests" */ = {
			isa = XCConfigurationList;
			buildConfigurations = (
				F4D1BB7D29B5B61700AFCAB1 /* Debug */,
				F4D1BB7E29B5B61700AFCAB1 /* Release */,
			);
			defaultConfigurationIsVisible = 0;
			defaultConfigurationName = Release;
		};
		F4D1BB7F29B5B61700AFCAB1 /* Build configuration list for PBXNativeTarget "PortifolioUITests" */ = {
			isa = XCConfigurationList;
			buildConfigurations = (
				F4D1BB8029B5B61700AFCAB1 /* Debug */,
				F4D1BB8129B5B61700AFCAB1 /* Release */,
			);
			defaultConfigurationIsVisible = 0;
			defaultConfigurationName = Release;
		};
/* End XCConfigurationList section */
	};
	rootObject = F4D1BB4D29B5B61100AFCAB1 /* Project object */;
}
